{
    "_meta": {
        "hash": {
            "sha256": "a253d3ec116d8f668a411002e2c4cfd2052b3beb0f8202bc4a2d34da3ef05393"
        },
        "pipfile-spec": 6,
        "requires": {
            "python_version": "3.9"
        },
        "sources": [
            {
                "name": "pypi",
                "url": "https://pypi.python.org/simple",
                "verify_ssl": true
            }
        ]
    },
    "default": {
        "certifi": {
            "hashes": [
                "sha256:539cc1d13202e33ca466e88b2807e29f4c13049d6d87031a3c110744495cb082",
                "sha256:92d6037539857d8206b8f6ae472e8b77db8058fec5937a1ef3f54304089edbb9"
            ],
            "index": "pypi",
            "version": "==2023.7.22"
        },
        "charset-normalizer": {
            "hashes": [
                "sha256:2857e29ff0d34db842cd7ca3230549d1a697f96ee6d3fb071cfa6c7393832597",
                "sha256:6881edbebdb17b39b4eaaa821b438bf6eddffb4468cf344f09f89def34a8b1df"
            ],
            "markers": "python_version >= '3'",
            "version": "==2.0.12"
        },
        "idna": {
            "hashes": [
                "sha256:814f528e8dead7d329833b91c5faa87d60bf71824cd12a7530b5526063d02cb4",
                "sha256:90b77e79eaa3eba6de819a0c442c0b4ceefc341a7a2ab77d7562bf49f425c5c2"
            ],
            "markers": "python_version >= '3'",
            "version": "==3.4"
        },
        "pyqt5": {
            "hashes": [
                "sha256:33ced1c876f6a26e7899615a5a4efef2167c263488837c7beed023a64cebd051",
                "sha256:80343bcab95ffba619f2ed2467fd828ffeb0a251ad7225be5fc06dcc333af452",
                "sha256:9d2dcdaf82263ae56023410a7af15d1fd746c8e361733a7d0d1bd1f004ec2793",
                "sha256:9d6efad0377aa78bf081a20ac752ce86096ded18f04c592d98f5b92dc879ad0a",
                "sha256:f411ecda52e488e1d3c5cce7563e1b2ca9cf0b7531e3c25b03d9a7e56e07e7fc"
            ],
            "index": "pypi",
            "version": "==5.15.6"
        },
        "pyqt5-qt5": {
            "hashes": [
                "sha256:1988f364ec8caf87a6ee5d5a3a5210d57539988bf8e84714c7d60972692e2f4a",
                "sha256:750b78e4dba6bdf1607febedc08738e318ea09e9b10aea9ff0d73073f11f6962",
                "sha256:76980cd3d7ae87e3c7a33bfebfaee84448fd650bad6840471d6cae199b56e154",
                "sha256:9cc7a768b1921f4b982ebc00a318ccb38578e44e45316c7a4a850e953e1dd327"
            ],
            "version": "==5.15.2"
        },
        "pyqt5-sip": {
            "hashes": [
                "sha256:10d9bfa9f59f0fd1cad81be187479316ffc95684f573efea94512cb4257d2b17",
                "sha256:1cc49c8498c34649325d53bcd243c854391f828d9bab4f2f3afd3ee3451cab72",
                "sha256:23e983119f760dc6c1a1e6cb21fd4c268d14c4ee497de6da9ce2b9d46f9779b2",
                "sha256:26e75bc4ffd8e6b19ae96fe93dc135eb5aea03e4570724d4b3c40dbf36f3a2e6",
                "sha256:67eed70427d3291e5c52c349fb4619c57c9a8810ab8d78a142c00edcbfd20d3b",
                "sha256:6a65697aa0fdb66e20d7b1ef8adfacc1caf1e61655530920172bf3a2fb1148cd",
                "sha256:7050ad8f94370eb7e4caa022b7e6d8b2de615e0714b557ca2098c82c0132074a",
                "sha256:71795c177010e52109812b03ec919020461ec42a7d9d241a45fe6d708529b5a6",
                "sha256:761e018dbbc46daccdb01f8f0dcc0d055c76834d839f0343cbec4b0ecbbde512",
                "sha256:7e572c8104e75db2c69609d195daf44c7b965dcb1c5b48e30fc376868909be56",
                "sha256:7e640b7636d86271ba8969b260e1655068b44750f20801ebc80f49a1aa737bf9",
                "sha256:7f13e71f5171f30d8b4176c081f0203a43e1704746b4cdaa837477945177b2a0",
                "sha256:9d2b127ba5155bff452944b8a96ba06d7ec2161f48a2f9cc190425bfca94ab6b",
                "sha256:a88ce85176639723f04cf5ce59157ecf3a9faca5d5dd1fe82d5ef46a3bd1d102",
                "sha256:c8f6e7a697d0ddf754798988fae7b2a0da04f6a59fb13ae863e5d1da4b280c4f",
                "sha256:cb4523097f1ccabb95b3197a58278a40fc944b33791d3406bfa397e12303b6c6",
                "sha256:cf74db9a1542f66793ccc00e403c8c2c36c67c0cff0fb01d23fe71cc1c56c788",
                "sha256:d9548f353f17407d00f67d08c737de9f5c067352c3bdac8571492c614c2893eb",
                "sha256:de06b6bd8241a189f729b8c093ce5dcf5928489eb7748bda28e28324e57544b0",
                "sha256:e46d957fbeecaa1437f2dd715407b1e59e0918cc29382c7ea79784c5f3cbe0d2",
                "sha256:ed04bd0065d870912c1b0a4b34b8a78698c76d77f15474c3e841b0b6dd2f429f"
            ],
            "markers": "python_version >= '3.7'",
            "version": "==12.12.2"
        },
        "python-dotenv": {
            "hashes": [
                "sha256:b7e3b04a59693c42c36f9ab1cc2acc46fa5df8c78e178fc33a8d4cd05c8d498f",
                "sha256:d92a187be61fe482e4fd675b6d52200e7be63a12b724abbf931a40ce4fa92938"
            ],
            "index": "pypi",
            "version": "==0.20.0"
        },
        "requests": {
            "hashes": [
                "sha256:68d7c56fd5a8999887728ef304a6d12edc7be74f1cfa47714fc8b414525c9a61",
                "sha256:f22fa1e554c9ddfd16e6e41ac79759e17be9e492b3587efa038054674760e72d"
            ],
            "index": "pypi",
            "version": "==2.27.1"
        },
        "urllib3": {
            "hashes": [
                "sha256:8d36afa7616d8ab714608411b4a3b13e58f463aee519024578e062e141dce20f",
                "sha256:8f135f6502756bde6b2a9b28989df5fbe87c9970cecaa69041edcce7f0589b14"
            ],
            "markers": "python_version >= '2.7' and python_version not in '3.0, 3.1, 3.2, 3.3, 3.4, 3.5'",
            "version": "==1.26.16"
        }
    },
    "develop": {}
}
